
Microsoft Visual Studio Solution File, Format Version 12.00
# Visual Studio Version 17
VisualStudioVersion = 17.3.32825.248
MinimumVisualStudioVersion = 10.0.40219.1
Project("{FAE04EC0-301F-11D3-BF4B-00C04F79EFBC}") = "ECert_Question_2", "ECert_Question_2\ECert_Question_2.csproj", "{E5ADC103-A05B-43BF-AE5F-E6CA92E04C68}"
EndProject
Project("{FAE04EC0-301F-11D3-BF4B-00C04F79EFBC}") = "UnitTestProject", "UnitTestProject\UnitTestProject.csproj", "{DE8545BA-4F49-4F56-B211-11026C110725}"
EndProject
Global
	GlobalSection(SolutionConfigurationPlatforms) = preSolution
		Debug|Any CPU = Debug|Any CPU
		Release|Any CPU = Release|Any CPU
	EndGlobalSection
	GlobalSection(ProjectConfigurationPlatforms) = postSolution
		{E5ADC103-A05B-43BF-AE5F-E6CA92E04C68}.Debug|Any CPU.ActiveCfg = Debug|Any CPU
		{E5ADC103-A05B-43BF-AE5F-E6CA92E04C68}.Debug|Any CPU.Build.0 = Debug|Any CPU
		{E5ADC103-A05B-43BF-AE5F-E6CA92E04C68}.Release|Any CPU.ActiveCfg = Release|Any CPU
		{E5ADC103-A05B-43BF-AE5F-E6CA92E04C68}.Release|Any CPU.Build.0 = Release|Any CPU
		{DE8545BA-4F49-4F56-B211-11026C110725}.Debug|Any CPU.ActiveCfg = Debug|Any CPU
		{DE8545BA-4F49-4F56-B211-11026C110725}.Debug|Any CPU.Build.0 = Debug|Any CPU
		{DE8545BA-4F49-4F56-B211-11026C110725}.Release|Any CPU.ActiveCfg = Release|Any CPU
		{DE8545BA-4F49-4F56-B211-11026C110725}.Release|Any CPU.Build.0 = Release|Any CPU
	EndGlobalSection
	GlobalSection(SolutionProperties) = preSolution
		HideSolutionNode = FALSE
	EndGlobalSection
	GlobalSection(ExtensibilityGlobals) = postSolution
		SolutionGuid = {14AA753E-69E7-4FF6-9B98-20AE6C795FC7}
	EndGlobalSection
EndGlobal
